
Microsoft Visual Studio Solution File, Format Version 12.00
# Visual Studio 15
VisualStudioVersion = 15.0.27428.2027
MinimumVisualStudioVersion = 10.0.40219.1
Project("{FAE04EC0-301F-11D3-BF4B-00C04F79EFBC}") = "comunicacion", "comunicacion\comunicacion.csproj", "{C67AFBFE-DA54-4109-9D49-BF24D1093EA1}"
EndProject
Project("{FAE04EC0-301F-11D3-BF4B-00C04F79EFBC}") = "Cliente", "Cliente\Cliente.csproj", "{3D183735-F5B3-46C5-9030-850459F439FB}"
EndProject
Project("{FAE04EC0-301F-11D3-BF4B-00C04F79EFBC}") = "ConsoleAppInver", "ConsoleAppInver\ConsoleAppInver.csproj", "{D0BD7B3E-2F43-4200-8C11-27C2E69EA4DD}"
EndProject
Global
	GlobalSection(SolutionConfigurationPlatforms) = preSolution
		Debug|Any CPU = Debug|Any CPU
		Release|Any CPU = Release|Any CPU
	EndGlobalSection
	GlobalSection(ProjectConfigurationPlatforms) = postSolution
		{C67AFBFE-DA54-4109-9D49-BF24D1093EA1}.Debug|Any CPU.ActiveCfg = Debug|Any CPU
		{C67AFBFE-DA54-4109-9D49-BF24D1093EA1}.Debug|Any CPU.Build.0 = Debug|Any CPU
		{C67AFBFE-DA54-4109-9D49-BF24D1093EA1}.Release|Any CPU.ActiveCfg = Release|Any CPU
		{C67AFBFE-DA54-4109-9D49-BF24D1093EA1}.Release|Any CPU.Build.0 = Release|Any CPU
		{3D183735-F5B3-46C5-9030-850459F439FB}.Debug|Any CPU.ActiveCfg = Debug|Any CPU
		{3D183735-F5B3-46C5-9030-850459F439FB}.Debug|Any CPU.Build.0 = Debug|Any CPU
		{3D183735-F5B3-46C5-9030-850459F439FB}.Release|Any CPU.ActiveCfg = Release|Any CPU
		{3D183735-F5B3-46C5-9030-850459F439FB}.Release|Any CPU.Build.0 = Release|Any CPU
		{D0BD7B3E-2F43-4200-8C11-27C2E69EA4DD}.Debug|Any CPU.ActiveCfg = Debug|Any CPU
		{D0BD7B3E-2F43-4200-8C11-27C2E69EA4DD}.Debug|Any CPU.Build.0 = Debug|Any CPU
		{D0BD7B3E-2F43-4200-8C11-27C2E69EA4DD}.Release|Any CPU.ActiveCfg = Release|Any CPU
		{D0BD7B3E-2F43-4200-8C11-27C2E69EA4DD}.Release|Any CPU.Build.0 = Release|Any CPU
	EndGlobalSection
	GlobalSection(SolutionProperties) = preSolution
		HideSolutionNode = FALSE
	EndGlobalSection
	GlobalSection(ExtensibilityGlobals) = postSolution
		SolutionGuid = {FA134400-5A50-4F95-BC82-67FD14ABBC4B}
	EndGlobalSection
EndGlobal
